
Microsoft Visual Studio Solution File, Format Version 12.00
# Visual Studio 2013
VisualStudioVersion = 12.0.30501.0
MinimumVisualStudioVersion = 10.0.40219.1
Project("{FAE04EC0-301F-11D3-BF4B-00C04F79EFBC}") = "BinbinIpLocation", "BinbinIpLocation\BinbinIpLocation.csproj", "{9681AD54-7B25-4AB0-BB13-6EA8EA9BAE8F}"
EndProject
Project("{FAE04EC0-301F-11D3-BF4B-00C04F79EFBC}") = "BinbinIpLocationTest", "BinbinIpLocationTest\BinbinIpLocationTest.csproj", "{81422285-EBF8-46D9-98A0-40AAE281EE3F}"
EndProject
Project("{2150E333-8FDC-42A3-9474-1A3956D46DE8}") = ".nuget", ".nuget", "{BEF247A2-EE52-4A14-ADD0-D87B1B530BDF}"
	ProjectSection(SolutionItems) = preProject
		.nuget\NuGet.Config = .nuget\NuGet.Config
		.nuget\NuGet.exe = .nuget\NuGet.exe
		.nuget\NuGet.targets = .nuget\NuGet.targets
	EndProjectSection
EndProject
Global
	GlobalSection(SolutionConfigurationPlatforms) = preSolution
		Debug|Any CPU = Debug|Any CPU
		Release|Any CPU = Release|Any CPU
	EndGlobalSection
	GlobalSection(ProjectConfigurationPlatforms) = postSolution
		{9681AD54-7B25-4AB0-BB13-6EA8EA9BAE8F}.Debug|Any CPU.ActiveCfg = Debug|Any CPU
		{9681AD54-7B25-4AB0-BB13-6EA8EA9BAE8F}.Debug|Any CPU.Build.0 = Debug|Any CPU
		{9681AD54-7B25-4AB0-BB13-6EA8EA9BAE8F}.Release|Any CPU.ActiveCfg = Release|Any CPU
		{9681AD54-7B25-4AB0-BB13-6EA8EA9BAE8F}.Release|Any CPU.Build.0 = Release|Any CPU
		{81422285-EBF8-46D9-98A0-40AAE281EE3F}.Debug|Any CPU.ActiveCfg = Debug|Any CPU
		{81422285-EBF8-46D9-98A0-40AAE281EE3F}.Debug|Any CPU.Build.0 = Debug|Any CPU
		{81422285-EBF8-46D9-98A0-40AAE281EE3F}.Release|Any CPU.ActiveCfg = Release|Any CPU
		{81422285-EBF8-46D9-98A0-40AAE281EE3F}.Release|Any CPU.Build.0 = Release|Any CPU
	EndGlobalSection
	GlobalSection(SolutionProperties) = preSolution
		HideSolutionNode = FALSE
	EndGlobalSection
EndGlobal
